
Microsoft Visual Studio Solution File, Format Version 12.00
Project("{FAE04EC0-301F-11D3-BF4B-00C04F79EFBC}") = "MotherboardFaultChecker", "MotherboardFaultChecker.csproj", "{50A24211-8508-4ADF-93CD-62F7F3A9BD49}"
EndProject
Global
	GlobalSection(SolutionConfigurationPlatforms) = preSolution
		Debug|Any CPU = Debug|Any CPU
		Release|Any CPU = Release|Any CPU
	EndGlobalSection
	GlobalSection(ProjectConfigurationPlatforms) = postSolution
		{50A24211-8508-4ADF-93CD-62F7F3A9BD49}.Debug|Any CPU.ActiveCfg = Debug|Any CPU
		{50A24211-8508-4ADF-93CD-62F7F3A9BD49}.Debug|Any CPU.Build.0 = Debug|Any CPU
		{50A24211-8508-4ADF-93CD-62F7F3A9BD49}.Release|Any CPU.ActiveCfg = Release|Any CPU
		{50A24211-8508-4ADF-93CD-62F7F3A9BD49}.Release|Any CPU.Build.0 = Release|Any CPU
	EndGlobalSection
EndGlobal
